
Microsoft Visual Studio Solution File, Format Version 12.00
# Visual Studio 15
VisualStudioVersion = 15.0.27130.2010
MinimumVisualStudioVersion = 10.0.40219.1
Project("{FAE04EC0-301F-11D3-BF4B-00C04F79EFBC}") = "TestWebApplication", "TestWebApplication\TestWebApplication.csproj", "{48D44484-4CCB-4993-9FA8-E5ED9DD7B1C0}"
EndProject
Project("{FAE04EC0-301F-11D3-BF4B-00C04F79EFBC}") = "TestWebApplication.Tests", "TestWebApplication.Tests\TestWebApplication.Tests.csproj", "{2F491C5E-EB8F-4E48-AF6A-E350A754898A}"
EndProject
Project("{FAE04EC0-301F-11D3-BF4B-00C04F79EFBC}") = "TestConsoleApp", "TestConsoleApp\TestConsoleApp.csproj", "{CEE8036B-EC0F-4E80-94A4-AE2BAFA59E53}"
EndProject
Global
	GlobalSection(SolutionConfigurationPlatforms) = preSolution
		Debug|Any CPU = Debug|Any CPU
		Release|Any CPU = Release|Any CPU
	EndGlobalSection
	GlobalSection(ProjectConfigurationPlatforms) = postSolution
		{48D44484-4CCB-4993-9FA8-E5ED9DD7B1C0}.Debug|Any CPU.ActiveCfg = Debug|Any CPU
		{48D44484-4CCB-4993-9FA8-E5ED9DD7B1C0}.Debug|Any CPU.Build.0 = Debug|Any CPU
		{48D44484-4CCB-4993-9FA8-E5ED9DD7B1C0}.Release|Any CPU.ActiveCfg = Release|Any CPU
		{48D44484-4CCB-4993-9FA8-E5ED9DD7B1C0}.Release|Any CPU.Build.0 = Release|Any CPU
		{2F491C5E-EB8F-4E48-AF6A-E350A754898A}.Debug|Any CPU.ActiveCfg = Debug|Any CPU
		{2F491C5E-EB8F-4E48-AF6A-E350A754898A}.Debug|Any CPU.Build.0 = Debug|Any CPU
		{2F491C5E-EB8F-4E48-AF6A-E350A754898A}.Release|Any CPU.ActiveCfg = Release|Any CPU
		{2F491C5E-EB8F-4E48-AF6A-E350A754898A}.Release|Any CPU.Build.0 = Release|Any CPU
		{CEE8036B-EC0F-4E80-94A4-AE2BAFA59E53}.Debug|Any CPU.ActiveCfg = Debug|Any CPU
		{CEE8036B-EC0F-4E80-94A4-AE2BAFA59E53}.Debug|Any CPU.Build.0 = Debug|Any CPU
		{CEE8036B-EC0F-4E80-94A4-AE2BAFA59E53}.Release|Any CPU.ActiveCfg = Release|Any CPU
		{CEE8036B-EC0F-4E80-94A4-AE2BAFA59E53}.Release|Any CPU.Build.0 = Release|Any CPU
	EndGlobalSection
	GlobalSection(SolutionProperties) = preSolution
		HideSolutionNode = FALSE
	EndGlobalSection
	GlobalSection(ExtensibilityGlobals) = postSolution
		SolutionGuid = {7369CD2F-8C7C-4390-92EB-B3DD1276DF9A}
	EndGlobalSection
EndGlobal
